
Microsoft Visual Studio Solution File, Format Version 12.00
# Visual Studio 15
VisualStudioVersion = 15.0.27428.2015
MinimumVisualStudioVersion = 10.0.40219.1
Project("{2150E333-8FDC-42A3-9474-1A3956D46DE8}") = "Solution Items", "Solution Items", "{29325012-888F-4BC0-AF29-B3EA7C7EA7BF}"
	ProjectSection(SolutionItems) = preProject
		custom_connect.sh = custom_connect.sh
		custom_disconnect.sh = custom_disconnect.sh
		defaultConfigBluetooth.py = defaultConfigBluetooth.py
		defaultConfigBTSpeaker.py = defaultConfigBTSpeaker.py
		defaultConfigMopidy.py = defaultConfigMopidy.py
		Install.sh = Install.sh
		Install_BT_Speaker.sh = Install_BT_Speaker.sh
		Install_Mopidy.sh = Install_Mopidy.sh
		Install_Pulseaudio.sh = Install_Pulseaudio.sh
		Install_SystemSettings.sh = Install_SystemSettings.sh
	EndProjectSection
EndProject
Global
	GlobalSection(SolutionProperties) = preSolution
		HideSolutionNode = FALSE
	EndGlobalSection
	GlobalSection(ExtensibilityGlobals) = postSolution
		SolutionGuid = {1C4501D3-4881-4B8F-8512-6590276BAA63}
	EndGlobalSection
EndGlobal
